
Microsoft Visual Studio Solution File, Format Version 12.00
# Visual Studio Version 16
VisualStudioVersion = 16.0.32413.511
MinimumVisualStudioVersion = 10.0.40219.1
Project("{FAE04EC0-301F-11D3-BF4B-00C04F79EFBC}") = "Classes PCs Arthur", "Classes PCs Arthur\Classes PCs Arthur.csproj", "{00B0D88B-A70D-4F0C-812F-D15A70B7E502}"
EndProject
Global
	GlobalSection(SolutionConfigurationPlatforms) = preSolution
		Debug|Any CPU = Debug|Any CPU
		Release|Any CPU = Release|Any CPU
	EndGlobalSection
	GlobalSection(ProjectConfigurationPlatforms) = postSolution
		{00B0D88B-A70D-4F0C-812F-D15A70B7E502}.Debug|Any CPU.ActiveCfg = Debug|Any CPU
		{00B0D88B-A70D-4F0C-812F-D15A70B7E502}.Debug|Any CPU.Build.0 = Debug|Any CPU
		{00B0D88B-A70D-4F0C-812F-D15A70B7E502}.Release|Any CPU.ActiveCfg = Release|Any CPU
		{00B0D88B-A70D-4F0C-812F-D15A70B7E502}.Release|Any CPU.Build.0 = Release|Any CPU
	EndGlobalSection
	GlobalSection(SolutionProperties) = preSolution
		HideSolutionNode = FALSE
	EndGlobalSection
	GlobalSection(ExtensibilityGlobals) = postSolution
		SolutionGuid = {BFF76F0A-ECA5-46D4-A5F3-9E10DC210F7A}
	EndGlobalSection
EndGlobal
